
Microsoft Visual Studio Solution File, Format Version 12.00
# Visual Studio Version 16
VisualStudioVersion = 16.0.31424.327
MinimumVisualStudioVersion = 10.0.40219.1
Project("{FAE04EC0-301F-11D3-BF4B-00C04F79EFBC}") = "Premier test de Csharp", "Premier test de Csharp.csproj", "{440A8D7B-B12F-4583-9516-6230807C8497}"
EndProject
Global
	GlobalSection(SolutionConfigurationPlatforms) = preSolution
		Debug|Any CPU = Debug|Any CPU
		Release|Any CPU = Release|Any CPU
	EndGlobalSection
	GlobalSection(ProjectConfigurationPlatforms) = postSolution
		{440A8D7B-B12F-4583-9516-6230807C8497}.Debug|Any CPU.ActiveCfg = Debug|Any CPU
		{440A8D7B-B12F-4583-9516-6230807C8497}.Debug|Any CPU.Build.0 = Debug|Any CPU
		{440A8D7B-B12F-4583-9516-6230807C8497}.Release|Any CPU.ActiveCfg = Release|Any CPU
		{440A8D7B-B12F-4583-9516-6230807C8497}.Release|Any CPU.Build.0 = Release|Any CPU
	EndGlobalSection
	GlobalSection(SolutionProperties) = preSolution
		HideSolutionNode = FALSE
	EndGlobalSection
	GlobalSection(ExtensibilityGlobals) = postSolution
		SolutionGuid = {232CEE3F-9C29-4B08-BBC5-20465B23EF5D}
	EndGlobalSection
EndGlobal
